// !$*UTF8*$!
{
	archiveVersion = 1;
	classes = {
	};
	objectVersion = 50;
	objects = {

/* Begin PBXBuildFile section */
		5BE8991C239D15A500D0954E /* Juostako WatchKit App.app in Embed Watch Content */ = {isa = PBXBuildFile; fileRef = 5BE8991B239D15A500D0954E /* Juostako WatchKit App.app */; settings = {ATTRIBUTES = (RemoveHeadersOnCopy, ); }; };
		5BE89922239D15A500D0954E /* Interface.storyboard in Resources */ = {isa = PBXBuildFile; fileRef = 5BE89920239D15A500D0954E /* Interface.storyboard */; };
		5BE89924239D15A600D0954E /* Assets.xcassets in Resources */ = {isa = PBXBuildFile; fileRef = 5BE89923239D15A600D0954E /* Assets.xcassets */; };
		5BE8992B239D15A600D0954E /* Juostako WatchKit Extension.appex in Embed App Extensions */ = {isa = PBXBuildFile; fileRef = 5BE8992A239D15A600D0954E /* Juostako WatchKit Extension.appex */; settings = {ATTRIBUTES = (RemoveHeadersOnCopy, ); }; };
		5BE89930239D15A600D0954E /* ContentView.swift in Sources */ = {isa = PBXBuildFile; fileRef = 5BE8992F239D15A600D0954E /* ContentView.swift */; };
		5BE89932239D15A600D0954E /* HostingController.swift in Sources */ = {isa = PBXBuildFile; fileRef = 5BE89931239D15A600D0954E /* HostingController.swift */; };
		5BE89934239D15A600D0954E /* ExtensionDelegate.swift in Sources */ = {isa = PBXBuildFile; fileRef = 5BE89933239D15A600D0954E /* ExtensionDelegate.swift */; };
		5BE89936239D15A700D0954E /* Assets.xcassets in Resources */ = {isa = PBXBuildFile; fileRef = 5BE89935239D15A700D0954E /* Assets.xcassets */; };
		5BE89939239D15A700D0954E /* Preview Assets.xcassets in Resources */ = {isa = PBXBuildFile; fileRef = 5BE89938239D15A700D0954E /* Preview Assets.xcassets */; };
/* End PBXBuildFile section */

/* Begin PBXContainerItemProxy section */
		5BE8991D239D15A500D0954E /* PBXContainerItemProxy */ = {
			isa = PBXContainerItemProxy;
			containerPortal = 5BE89911239D15A500D0954E /* Project object */;
			proxyType = 1;
			remoteGlobalIDString = 5BE8991A239D15A500D0954E;
			remoteInfo = "Juostako WatchKit App";
		};
		5BE8992C239D15A600D0954E /* PBXContainerItemProxy */ = {
			isa = PBXContainerItemProxy;
			containerPortal = 5BE89911239D15A500D0954E /* Project object */;
			proxyType = 1;
			remoteGlobalIDString = 5BE89929239D15A600D0954E;
			remoteInfo = "Juostako WatchKit Extension";
		};
/* End PBXContainerItemProxy section */

/* Begin PBXCopyFilesBuildPhase section */
		5BE89940239D15A700D0954E /* Embed App Extensions */ = {
			isa = PBXCopyFilesBuildPhase;
			buildActionMask = 2147483647;
			dstPath = "";
			dstSubfolderSpec = 13;
			files = (
				5BE8992B239D15A600D0954E /* Juostako WatchKit Extension.appex in Embed App Extensions */,
			);
			name = "Embed App Extensions";
			runOnlyForDeploymentPostprocessing = 0;
		};
		5BE89944239D15A700D0954E /* Embed Watch Content */ = {
			isa = PBXCopyFilesBuildPhase;
			buildActionMask = 2147483647;
			dstPath = "$(CONTENTS_FOLDER_PATH)/Watch";
			dstSubfolderSpec = 16;
			files = (
				5BE8991C239D15A500D0954E /* Juostako WatchKit App.app in Embed Watch Content */,
			);
			name = "Embed Watch Content";
			runOnlyForDeploymentPostprocessing = 0;
		};
/* End PBXCopyFilesBuildPhase section */

/* Begin PBXFileReference section */
		5BE89917239D15A500D0954E /* Juostako.app */ = {isa = PBXFileReference; explicitFileType = wrapper.application; includeInIndex = 0; path = Juostako.app; sourceTree = BUILT_PRODUCTS_DIR; };
		5BE8991B239D15A500D0954E /* Juostako WatchKit App.app */ = {isa = PBXFileReference; explicitFileType = wrapper.application; includeInIndex = 0; path = "Juostako WatchKit App.app"; sourceTree = BUILT_PRODUCTS_DIR; };
		5BE89921239D15A500D0954E /* Base */ = {isa = PBXFileReference; lastKnownFileType = file.storyboard; name = Base; path = Base.lproj/Interface.storyboard; sourceTree = "<group>"; };
		5BE89923239D15A600D0954E /* Assets.xcassets */ = {isa = PBXFileReference; lastKnownFileType = folder.assetcatalog; path = Assets.xcassets; sourceTree = "<group>"; };
		5BE89925239D15A600D0954E /* Info.plist */ = {isa = PBXFileReference; lastKnownFileType = text.plist.xml; path = Info.plist; sourceTree = "<group>"; };
		5BE8992A239D15A600D0954E /* Juostako WatchKit Extension.appex */ = {isa = PBXFileReference; explicitFileType = "wrapper.app-extension"; includeInIndex = 0; path = "Juostako WatchKit Extension.appex"; sourceTree = BUILT_PRODUCTS_DIR; };
		5BE8992F239D15A600D0954E /* ContentView.swift */ = {isa = PBXFileReference; lastKnownFileType = sourcecode.swift; path = ContentView.swift; sourceTree = "<group>"; };
		5BE89931239D15A600D0954E /* HostingController.swift */ = {isa = PBXFileReference; lastKnownFileType = sourcecode.swift; path = HostingController.swift; sourceTree = "<group>"; };
		5BE89933239D15A600D0954E /* ExtensionDelegate.swift */ = {isa = PBXFileReference; lastKnownFileType = sourcecode.swift; path = ExtensionDelegate.swift; sourceTree = "<group>"; };
		5BE89935239D15A700D0954E /* Assets.xcassets */ = {isa = PBXFileReference; lastKnownFileType = folder.assetcatalog; path = Assets.xcassets; sourceTree = "<group>"; };
		5BE89938239D15A700D0954E /* Preview Assets.xcassets */ = {isa = PBXFileReference; lastKnownFileType = folder.assetcatalog; path = "Preview Assets.xcassets"; sourceTree = "<group>"; };
		5BE8993A239D15A700D0954E /* Info.plist */ = {isa = PBXFileReference; lastKnownFileType = text.plist.xml; path = Info.plist; sourceTree = "<group>"; };
/* End PBXFileReference section */

/* Begin PBXFrameworksBuildPhase section */
		5BE89927239D15A600D0954E /* Frameworks */ = {
			isa = PBXFrameworksBuildPhase;
			buildActionMask = 2147483647;
			files = (
			);
			runOnlyForDeploymentPostprocessing = 0;
		};
/* End PBXFrameworksBuildPhase section */

/* Begin PBXGroup section */
		5BE89910239D15A500D0954E = {
			isa = PBXGroup;
			children = (
				5BE8991F239D15A500D0954E /* Juostako WatchKit App */,
				5BE8992E239D15A600D0954E /* Juostako WatchKit Extension */,
				5BE89918239D15A500D0954E /* Products */,
			);
			sourceTree = "<group>";
		};
		5BE89918239D15A500D0954E /* Products */ = {
			isa = PBXGroup;
			children = (
				5BE89917239D15A500D0954E /* Juostako.app */,
				5BE8991B239D15A500D0954E /* Juostako WatchKit App.app */,
				5BE8992A239D15A600D0954E /* Juostako WatchKit Extension.appex */,
			);
			name = Products;
			sourceTree = "<group>";
		};
		5BE8991F239D15A500D0954E /* Juostako WatchKit App */ = {
			isa = PBXGroup;
			children = (
				5BE89920239D15A500D0954E /* Interface.storyboard */,
				5BE89923239D15A600D0954E /* Assets.xcassets */,
				5BE89925239D15A600D0954E /* Info.plist */,
			);
			path = "Juostako WatchKit App";
			sourceTree = "<group>";
		};
		5BE8992E239D15A600D0954E /* Juostako WatchKit Extension */ = {
			isa = PBXGroup;
			children = (
				5BE8992F239D15A600D0954E /* ContentView.swift */,
				5BE89931239D15A600D0954E /* HostingController.swift */,
				5BE89933239D15A600D0954E /* ExtensionDelegate.swift */,
				5BE89935239D15A700D0954E /* Assets.xcassets */,
				5BE8993A239D15A700D0954E /* Info.plist */,
				5BE89937239D15A700D0954E /* Preview Content */,
			);
			path = "Juostako WatchKit Extension";
			sourceTree = "<group>";
		};
		5BE89937239D15A700D0954E /* Preview Content */ = {
			isa = PBXGroup;
			children = (
				5BE89938239D15A700D0954E /* Preview Assets.xcassets */,
			);
			path = "Preview Content";
			sourceTree = "<group>";
		};
/* End PBXGroup section */

/* Begin PBXNativeTarget section */
		5BE89916239D15A500D0954E /* Juostako */ = {
			isa = PBXNativeTarget;
			buildConfigurationList = 5BE89945239D15A700D0954E /* Build configuration list for PBXNativeTarget "Juostako" */;
			buildPhases = (
				5BE89915239D15A500D0954E /* Resources */,
				5BE89944239D15A700D0954E /* Embed Watch Content */,
			);
			buildRules = (
			);
			dependencies = (
				5BE8991E239D15A500D0954E /* PBXTargetDependency */,
			);
			name = Juostako;
			productName = Juostako;
			productReference = 5BE89917239D15A500D0954E /* Juostako.app */;
			productType = "com.apple.product-type.application.watchapp2-container";
		};
		5BE8991A239D15A500D0954E /* Juostako WatchKit App */ = {
			isa = PBXNativeTarget;
			buildConfigurationList = 5BE89941239D15A700D0954E /* Build configuration list for PBXNativeTarget "Juostako WatchKit App" */;
			buildPhases = (
				5BE89919239D15A500D0954E /* Resources */,
				5BE89940239D15A700D0954E /* Embed App Extensions */,
			);
			buildRules = (
			);
			dependencies = (
				5BE8992D239D15A600D0954E /* PBXTargetDependency */,
			);
			name = "Juostako WatchKit App";
			productName = "Juostako WatchKit App";
			productReference = 5BE8991B239D15A500D0954E /* Juostako WatchKit App.app */;
			productType = "com.apple.product-type.application.watchapp2";
		};
		5BE89929239D15A600D0954E /* Juostako WatchKit Extension */ = {
			isa = PBXNativeTarget;
			buildConfigurationList = 5BE8993D239D15A700D0954E /* Build configuration list for PBXNativeTarget "Juostako WatchKit Extension" */;
			buildPhases = (
				5BE89926239D15A600D0954E /* Sources */,
				5BE89927239D15A600D0954E /* Frameworks */,
				5BE89928239D15A600D0954E /* Resources */,
			);
			buildRules = (
			);
			dependencies = (
			);
			name = "Juostako WatchKit Extension";
			productName = "Juostako WatchKit Extension";
			productReference = 5BE8992A239D15A600D0954E /* Juostako WatchKit Extension.appex */;
			productType = "com.apple.product-type.watchkit2-extension";
		};
/* End PBXNativeTarget section */

/* Begin PBXProject section */
		5BE89911239D15A500D0954E /* Project object */ = {
			isa = PBXProject;
			attributes = {
				LastSwiftUpdateCheck = 1120;
				LastUpgradeCheck = 1120;
				ORGANIZATIONNAME = "Martin Richter";
				TargetAttributes = {
					5BE89916239D15A500D0954E = {
						CreatedOnToolsVersion = 11.2.1;
					};
					5BE8991A239D15A500D0954E = {
						CreatedOnToolsVersion = 11.2.1;
					};
					5BE89929239D15A600D0954E = {
						CreatedOnToolsVersion = 11.2.1;
					};
				};
			};
			buildConfigurationList = 5BE89914239D15A500D0954E /* Build configuration list for PBXProject "Juostako" */;
			compatibilityVersion = "Xcode 9.3";
			developmentRegion = en;
			hasScannedForEncodings = 0;
			knownRegions = (
				en,
				Base,
			);
			mainGroup = 5BE89910239D15A500D0954E;
			productRefGroup = 5BE89918239D15A500D0954E /* Products */;
			projectDirPath = "";
			projectRoot = "";
			targets = (
				5BE89916239D15A500D0954E /* Juostako */,
				5BE8991A239D15A500D0954E /* Juostako WatchKit App */,
				5BE89929239D15A600D0954E /* Juostako WatchKit Extension */,
			);
		};
/* End PBXProject section */

/* Begin PBXResourcesBuildPhase section */
		5BE89915239D15A500D0954E /* Resources */ = {
			isa = PBXResourcesBuildPhase;
			buildActionMask = 2147483647;
			files = (
			);
			runOnlyForDeploymentPostprocessing = 0;
		};
		5BE89919239D15A500D0954E /* Resources */ = {
			isa = PBXResourcesBuildPhase;
			buildActionMask = 2147483647;
			files = (
				5BE89924239D15A600D0954E /* Assets.xcassets in Resources */,
				5BE89922239D15A500D0954E /* Interface.storyboard in Resources */,
			);
			runOnlyForDeploymentPostprocessing = 0;
		};
		5BE89928239D15A600D0954E /* Resources */ = {
			isa = PBXResourcesBuildPhase;
			buildActionMask = 2147483647;
			files = (
				5BE89939239D15A700D0954E /* Preview Assets.xcassets in Resources */,
				5BE89936239D15A700D0954E /* Assets.xcassets in Resources */,
			);
			runOnlyForDeploymentPostprocessing = 0;
		};
/* End PBXResourcesBuildPhase section */

/* Begin PBXSourcesBuildPhase section */
		5BE89926239D15A600D0954E /* Sources */ = {
			isa = PBXSourcesBuildPhase;
			buildActionMask = 2147483647;
			files = (
				5BE89932239D15A600D0954E /* HostingController.swift in Sources */,
				5BE89930239D15A600D0954E /* ContentView.swift in Sources */,
				5BE89934239D15A600D0954E /* ExtensionDelegate.swift in Sources */,
			);
			runOnlyForDeploymentPostprocessing = 0;
		};
/* End PBXSourcesBuildPhase section */

/* Begin PBXTargetDependency section */
		5BE8991E239D15A500D0954E /* PBXTargetDependency */ = {
			isa = PBXTargetDependency;
			target = 5BE8991A239D15A500D0954E /* Juostako WatchKit App */;
			targetProxy = 5BE8991D239D15A500D0954E /* PBXContainerItemProxy */;
		};
		5BE8992D239D15A600D0954E /* PBXTargetDependency */ = {
			isa = PBXTargetDependency;
			target = 5BE89929239D15A600D0954E /* Juostako WatchKit Extension */;
			targetProxy = 5BE8992C239D15A600D0954E /* PBXContainerItemProxy */;
		};
/* End PBXTargetDependency section */

/* Begin PBXVariantGroup section */
		5BE89920239D15A500D0954E /* Interface.storyboard */ = {
			isa = PBXVariantGroup;
			children = (
				5BE89921239D15A500D0954E /* Base */,
			);
			name = Interface.storyboard;
			sourceTree = "<group>";
		};
/* End PBXVariantGroup section */

/* Begin XCBuildConfiguration section */
		5BE8993B239D15A700D0954E /* Debug */ = {
			isa = XCBuildConfiguration;
			buildSettings = {
				ALWAYS_SEARCH_USER_PATHS = NO;
				CLANG_ANALYZER_NONNULL = YES;
				CLANG_ANALYZER_NUMBER_OBJECT_CONVERSION = YES_AGGRESSIVE;
				CLANG_CXX_LANGUAGE_STANDARD = "gnu++14";
				CLANG_CXX_LIBRARY = "libc++";
				CLANG_ENABLE_MODULES = YES;
				CLANG_ENABLE_OBJC_ARC = YES;
				CLANG_ENABLE_OBJC_WEAK = YES;
				CLANG_WARN_BLOCK_CAPTURE_AUTORELEASING = YES;
				CLANG_WARN_BOOL_CONVERSION = YES;
				CLANG_WARN_COMMA = YES;
				CLANG_WARN_CONSTANT_CONVERSION = YES;
				CLANG_WARN_DEPRECATED_OBJC_IMPLEMENTATIONS = YES;
				CLANG_WARN_DIRECT_OBJC_ISA_USAGE = YES_ERROR;
				CLANG_WARN_DOCUMENTATION_COMMENTS = YES;
				CLANG_WARN_EMPTY_BODY = YES;
				CLANG_WARN_ENUM_CONVERSION = YES;
				CLANG_WARN_INFINITE_RECURSION = YES;
				CLANG_WARN_INT_CONVERSION = YES;
				CLANG_WARN_NON_LITERAL_NULL_CONVERSION = YES;
				CLANG_WARN_OBJC_IMPLICIT_RETAIN_SELF = YES;
				CLANG_WARN_OBJC_LITERAL_CONVERSION = YES;
				CLANG_WARN_OBJC_ROOT_CLASS = YES_ERROR;
				CLANG_WARN_RANGE_LOOP_ANALYSIS = YES;
				CLANG_WARN_STRICT_PROTOTYPES = YES;
				CLANG_WARN_SUSPICIOUS_MOVE = YES;
				CLANG_WARN_UNGUARDED_AVAILABILITY = YES_AGGRESSIVE;
				CLANG_WARN_UNREACHABLE_CODE = YES;
				CLANG_WARN__DUPLICATE_METHOD_MATCH = YES;
				COPY_PHASE_STRIP = NO;
				DEBUG_INFORMATION_FORMAT = dwarf;
				ENABLE_STRICT_OBJC_MSGSEND = YES;
				ENABLE_TESTABILITY = YES;
				GCC_C_LANGUAGE_STANDARD = gnu11;
				GCC_DYNAMIC_NO_PIC = NO;
				GCC_NO_COMMON_BLOCKS = YES;
				GCC_OPTIMIZATION_LEVEL = 0;
				GCC_PREPROCESSOR_DEFINITIONS = (
					"DEBUG=1",
					"$(inherited)",
				);
				GCC_WARN_64_TO_32_BIT_CONVERSION = YES;
				GCC_WARN_ABOUT_RETURN_TYPE = YES_ERROR;
				GCC_WARN_UNDECLARED_SELECTOR = YES;
				GCC_WARN_UNINITIALIZED_AUTOS = YES_AGGRESSIVE;
				GCC_WARN_UNUSED_FUNCTION = YES;
				GCC_WARN_UNUSED_VARIABLE = YES;
				MTL_ENABLE_DEBUG_INFO = INCLUDE_SOURCE;
				MTL_FAST_MATH = YES;
				ONLY_ACTIVE_ARCH = YES;
				SDKROOT = iphoneos;
				SWIFT_ACTIVE_COMPILATION_CONDITIONS = DEBUG;
				SWIFT_OPTIMIZATION_LEVEL = "-Onone";
			};
			name = Debug;
		};
		5BE8993C239D15A700D0954E /* Release */ = {
			isa = XCBuildConfiguration;
			buildSettings = {
				ALWAYS_SEARCH_USER_PATHS = NO;
				CLANG_ANALYZER_NONNULL = YES;
				CLANG_ANALYZER_NUMBER_OBJECT_CONVERSION = YES_AGGRESSIVE;
				CLANG_CXX_LANGUAGE_STANDARD = "gnu++14";
				CLANG_CXX_LIBRARY = "libc++";
				CLANG_ENABLE_MODULES = YES;
				CLANG_ENABLE_OBJC_ARC = YES;
				CLANG_ENABLE_OBJC_WEAK = YES;
				CLANG_WARN_BLOCK_CAPTURE_AUTORELEASING = YES;
				CLANG_WARN_BOOL_CONVERSION = YES;
				CLANG_WARN_COMMA = YES;
				CLANG_WARN_CONSTANT_CONVERSION = YES;
				CLANG_WARN_DEPRECATED_OBJC_IMPLEMENTATIONS = YES;
				CLANG_WARN_DIRECT_OBJC_ISA_USAGE = YES_ERROR;
				CLANG_WARN_DOCUMENTATION_COMMENTS = YES;
				CLANG_WARN_EMPTY_BODY = YES;
				CLANG_WARN_ENUM_CONVERSION = YES;
				CLANG_WARN_INFINITE_RECURSION = YES;
				CLANG_WARN_INT_CONVERSION = YES;
				CLANG_WARN_NON_LITERAL_NULL_CONVERSION = YES;
				CLANG_WARN_OBJC_IMPLICIT_RETAIN_SELF = YES;
				CLANG_WARN_OBJC_LITERAL_CONVERSION = YES;
				CLANG_WARN_OBJC_ROOT_CLASS = YES_ERROR;
				CLANG_WARN_RANGE_LOOP_ANALYSIS = YES;
				CLANG_WARN_STRICT_PROTOTYPES = YES;
				CLANG_WARN_SUSPICIOUS_MOVE = YES;
				CLANG_WARN_UNGUARDED_AVAILABILITY = YES_AGGRESSIVE;
				CLANG_WARN_UNREACHABLE_CODE = YES;
				CLANG_WARN__DUPLICATE_METHOD_MATCH = YES;
				COPY_PHASE_STRIP = NO;
				DEBUG_INFORMATION_FORMAT = "dwarf-with-dsym";
				ENABLE_NS_ASSERTIONS = NO;
				ENABLE_STRICT_OBJC_MSGSEND = YES;
				GCC_C_LANGUAGE_STANDARD = gnu11;
				GCC_NO_COMMON_BLOCKS = YES;
				GCC_WARN_64_TO_32_BIT_CONVERSION = YES;
				GCC_WARN_ABOUT_RETURN_TYPE = YES_ERROR;
				GCC_WARN_UNDECLARED_SELECTOR = YES;
				GCC_WARN_UNINITIALIZED_AUTOS = YES_AGGRESSIVE;
				GCC_WARN_UNUSED_FUNCTION = YES;
				GCC_WARN_UNUSED_VARIABLE = YES;
				MTL_ENABLE_DEBUG_INFO = NO;
				MTL_FAST_MATH = YES;
				SDKROOT = iphoneos;
				SWIFT_COMPILATION_MODE = wholemodule;
				SWIFT_OPTIMIZATION_LEVEL = "-O";
				VALIDATE_PRODUCT = YES;
			};
			name = Release;
		};
		5BE8993E239D15A700D0954E /* Debug */ = {
			isa = XCBuildConfiguration;
			buildSettings = {
				ASSETCATALOG_COMPILER_COMPLICATION_NAME = Complication;
				CODE_SIGN_STYLE = Automatic;
				DEVELOPMENT_ASSET_PATHS = "\"Juostako WatchKit Extension/Preview Content\"";
				ENABLE_PREVIEWS = YES;
				INFOPLIST_FILE = "Juostako WatchKit Extension/Info.plist";
				LD_RUNPATH_SEARCH_PATHS = (
					"$(inherited)",
					"@executable_path/Frameworks",
					"@executable_path/../../Frameworks",
				);
				PRODUCT_BUNDLE_IDENTIFIER = net.martinrichter.Juostako.watchkitapp.watchkitextension;
				PRODUCT_NAME = "${TARGET_NAME}";
				SDKROOT = watchos;
				SKIP_INSTALL = YES;
				SWIFT_VERSION = 5.0;
				TARGETED_DEVICE_FAMILY = 4;
				WATCHOS_DEPLOYMENT_TARGET = 6.1;
			};
			name = Debug;
		};
		5BE8993F239D15A700D0954E /* Release */ = {
			isa = XCBuildConfiguration;
			buildSettings = {
				ASSETCATALOG_COMPILER_COMPLICATION_NAME = Complication;
				CODE_SIGN_STYLE = Automatic;
				DEVELOPMENT_ASSET_PATHS = "\"Juostako WatchKit Extension/Preview Content\"";
				ENABLE_PREVIEWS = YES;
				INFOPLIST_FILE = "Juostako WatchKit Extension/Info.plist";
				LD_RUNPATH_SEARCH_PATHS = (
					"$(inherited)",
					"@executable_path/Frameworks",
					"@executable_path/../../Frameworks",
				);
				PRODUCT_BUNDLE_IDENTIFIER = net.martinrichter.Juostako.watchkitapp.watchkitextension;
				PRODUCT_NAME = "${TARGET_NAME}";
				SDKROOT = watchos;
				SKIP_INSTALL = YES;
				SWIFT_VERSION = 5.0;
				TARGETED_DEVICE_FAMILY = 4;
				WATCHOS_DEPLOYMENT_TARGET = 6.1;
			};
			name = Release;
		};
		5BE89942239D15A700D0954E /* Debug */ = {
			isa = XCBuildConfiguration;
			buildSettings = {
				ALWAYS_EMBED_SWIFT_STANDARD_LIBRARIES = YES;
				ASSETCATALOG_COMPILER_APPICON_NAME = AppIcon;
				CODE_SIGN_STYLE = Automatic;
				IBSC_MODULE = Juostako_WatchKit_Extension;
				INFOPLIST_FILE = "Juostako WatchKit App/Info.plist";
				PRODUCT_BUNDLE_IDENTIFIER = net.martinrichter.Juostako.watchkitapp;
				PRODUCT_NAME = "$(TARGET_NAME)";
				SDKROOT = watchos;
				SKIP_INSTALL = YES;
				SWIFT_VERSION = 5.0;
				TARGETED_DEVICE_FAMILY = 4;
				WATCHOS_DEPLOYMENT_TARGET = 6.1;
			};
			name = Debug;
		};
		5BE89943239D15A700D0954E /* Release */ = {
			isa = XCBuildConfiguration;
			buildSettings = {
				ALWAYS_EMBED_SWIFT_STANDARD_LIBRARIES = YES;
				ASSETCATALOG_COMPILER_APPICON_NAME = AppIcon;
				CODE_SIGN_STYLE = Automatic;
				IBSC_MODULE = Juostako_WatchKit_Extension;
				INFOPLIST_FILE = "Juostako WatchKit App/Info.plist";
				PRODUCT_BUNDLE_IDENTIFIER = net.martinrichter.Juostako.watchkitapp;
				PRODUCT_NAME = "$(TARGET_NAME)";
				SDKROOT = watchos;
				SKIP_INSTALL = YES;
				SWIFT_VERSION = 5.0;
				TARGETED_DEVICE_FAMILY = 4;
				WATCHOS_DEPLOYMENT_TARGET = 6.1;
			};
			name = Release;
		};
		5BE89946239D15A700D0954E /* Debug */ = {
			isa = XCBuildConfiguration;
			buildSettings = {
				CODE_SIGN_STYLE = Automatic;
				CURRENT_PROJECT_VERSION = 1;
				MARKETING_VERSION = 1.0;
				PRODUCT_BUNDLE_IDENTIFIER = net.martinrichter.Juostako;
				PRODUCT_NAME = "$(TARGET_NAME)";
				SWIFT_VERSION = 5.0;
			};
			name = Debug;
		};
		5BE89947239D15A700D0954E /* Release */ = {
			isa = XCBuildConfiguration;
			buildSettings = {
				CODE_SIGN_STYLE = Automatic;
				CURRENT_PROJECT_VERSION = 1;
				MARKETING_VERSION = 1.0;
				PRODUCT_BUNDLE_IDENTIFIER = net.martinrichter.Juostako;
				PRODUCT_NAME = "$(TARGET_NAME)";
				SWIFT_VERSION = 5.0;
			};
			name = Release;
		};
/* End XCBuildConfiguration section */

/* Begin XCConfigurationList section */
		5BE89914239D15A500D0954E /* Build configuration list for PBXProject "Juostako" */ = {
			isa = XCConfigurationList;
			buildConfigurations = (
				5BE8993B239D15A700D0954E /* Debug */,
				5BE8993C239D15A700D0954E /* Release */,
			);
			defaultConfigurationIsVisible = 0;
			defaultConfigurationName = Release;
		};
		5BE8993D239D15A700D0954E /* Build configuration list for PBXNativeTarget "Juostako WatchKit Extension" */ = {
			isa = XCConfigurationList;
			buildConfigurations = (
				5BE8993E239D15A700D0954E /* Debug */,
				5BE8993F239D15A700D0954E /* Release */,
			);
			defaultConfigurationIsVisible = 0;
			defaultConfigurationName = Release;
		};
		5BE89941239D15A700D0954E /* Build configuration list for PBXNativeTarget "Juostako WatchKit App" */ = {
			isa = XCConfigurationList;
			buildConfigurations = (
				5BE89942239D15A700D0954E /* Debug */,
				5BE89943239D15A700D0954E /* Release */,
			);
			defaultConfigurationIsVisible = 0;
			defaultConfigurationName = Release;
		};
		5BE89945239D15A700D0954E /* Build configuration list for PBXNativeTarget "Juostako" */ = {
			isa = XCConfigurationList;
			buildConfigurations = (
				5BE89946239D15A700D0954E /* Debug */,
				5BE89947239D15A700D0954E /* Release */,
			);
			defaultConfigurationIsVisible = 0;
			defaultConfigurationName = Release;
		};
/* End XCConfigurationList section */
	};
	rootObject = 5BE89911239D15A500D0954E /* Project object */;
}
